
Microsoft Visual Studio Solution File, Format Version 12.00
# Visual Studio Version 17
VisualStudioVersion = 17.11.35312.102
MinimumVisualStudioVersion = 10.0.40219.1
Project("{FAE04EC0-301F-11D3-BF4B-00C04F79EFBC}") = "Labb 4 - Generic collections", "Labb 4 - Generic collections\Labb 4 - Generic collections.csproj", "{4317CBF3-ED86-44FE-9306-8DCB896D6C29}"
EndProject
Global
	GlobalSection(SolutionConfigurationPlatforms) = preSolution
		Debug|Any CPU = Debug|Any CPU
		Release|Any CPU = Release|Any CPU
	EndGlobalSection
	GlobalSection(ProjectConfigurationPlatforms) = postSolution
		{4317CBF3-ED86-44FE-9306-8DCB896D6C29}.Debug|Any CPU.ActiveCfg = Debug|Any CPU
		{4317CBF3-ED86-44FE-9306-8DCB896D6C29}.Debug|Any CPU.Build.0 = Debug|Any CPU
		{4317CBF3-ED86-44FE-9306-8DCB896D6C29}.Release|Any CPU.ActiveCfg = Release|Any CPU
		{4317CBF3-ED86-44FE-9306-8DCB896D6C29}.Release|Any CPU.Build.0 = Release|Any CPU
	EndGlobalSection
	GlobalSection(SolutionProperties) = preSolution
		HideSolutionNode = FALSE
	EndGlobalSection
	GlobalSection(ExtensibilityGlobals) = postSolution
		SolutionGuid = {5AE74955-121E-44E0-8FE7-976CC837E0B9}
	EndGlobalSection
EndGlobal
